// !$*UTF8*$!
{
	archiveVersion = 1;
	classes = {
	};
	objectVersion = 50;
	objects = {

/* Begin PBXBuildFile section */
		6CDFE15226144B9D003C8D4C /* AppDelegate.m in Sources */ = {isa = PBXBuildFile; fileRef = 6CDFE15126144B9D003C8D4C /* AppDelegate.m */; };
		6CDFE15526144B9D003C8D4C /* SceneDelegate.m in Sources */ = {isa = PBXBuildFile; fileRef = 6CDFE15426144B9D003C8D4C /* SceneDelegate.m */; };
		6CDFE15826144B9D003C8D4C /* ViewController.m in Sources */ = {isa = PBXBuildFile; fileRef = 6CDFE15726144B9D003C8D4C /* ViewController.m */; };
		6CDFE15B26144B9D003C8D4C /* Main.storyboard in Resources */ = {isa = PBXBuildFile; fileRef = 6CDFE15926144B9D003C8D4C /* Main.storyboard */; };
		6CDFE15D26144B9F003C8D4C /* Assets.xcassets in Resources */ = {isa = PBXBuildFile; fileRef = 6CDFE15C26144B9F003C8D4C /* Assets.xcassets */; };
		6CDFE16026144B9F003C8D4C /* LaunchScreen.storyboard in Resources */ = {isa = PBXBuildFile; fileRef = 6CDFE15E26144B9F003C8D4C /* LaunchScreen.storyboard */; };
		6CDFE16326144B9F003C8D4C /* main.m in Sources */ = {isa = PBXBuildFile; fileRef = 6CDFE16226144B9F003C8D4C /* main.m */; };
		6CDFE16D26144C5A003C8D4C /* BXIMCommonDB.m in Sources */ = {isa = PBXBuildFile; fileRef = 6CDFE16B26144C5A003C8D4C /* BXIMCommonDB.m */; };
/* End PBXBuildFile section */

/* Begin PBXFileReference section */
		6CDFE14D26144B9D003C8D4C /* YBModule.app */ = {isa = PBXFileReference; explicitFileType = wrapper.application; includeInIndex = 0; path = YBModule.app; sourceTree = BUILT_PRODUCTS_DIR; };
		6CDFE15026144B9D003C8D4C /* AppDelegate.h */ = {isa = PBXFileReference; lastKnownFileType = sourcecode.c.h; path = AppDelegate.h; sourceTree = "<group>"; };
		6CDFE15126144B9D003C8D4C /* AppDelegate.m */ = {isa = PBXFileReference; lastKnownFileType = sourcecode.c.objc; path = AppDelegate.m; sourceTree = "<group>"; };
		6CDFE15326144B9D003C8D4C /* SceneDelegate.h */ = {isa = PBXFileReference; lastKnownFileType = sourcecode.c.h; path = SceneDelegate.h; sourceTree = "<group>"; };
		6CDFE15426144B9D003C8D4C /* SceneDelegate.m */ = {isa = PBXFileReference; lastKnownFileType = sourcecode.c.objc; path = SceneDelegate.m; sourceTree = "<group>"; };
		6CDFE15626144B9D003C8D4C /* ViewController.h */ = {isa = PBXFileReference; lastKnownFileType = sourcecode.c.h; path = ViewController.h; sourceTree = "<group>"; };
		6CDFE15726144B9D003C8D4C /* ViewController.m */ = {isa = PBXFileReference; lastKnownFileType = sourcecode.c.objc; path = ViewController.m; sourceTree = "<group>"; };
		6CDFE15A26144B9D003C8D4C /* Base */ = {isa = PBXFileReference; lastKnownFileType = file.storyboard; name = Base; path = Base.lproj/Main.storyboard; sourceTree = "<group>"; };
		6CDFE15C26144B9F003C8D4C /* Assets.xcassets */ = {isa = PBXFileReference; lastKnownFileType = folder.assetcatalog; path = Assets.xcassets; sourceTree = "<group>"; };
		6CDFE15F26144B9F003C8D4C /* Base */ = {isa = PBXFileReference; lastKnownFileType = file.storyboard; name = Base; path = Base.lproj/LaunchScreen.storyboard; sourceTree = "<group>"; };
		6CDFE16126144B9F003C8D4C /* Info.plist */ = {isa = PBXFileReference; lastKnownFileType = text.plist.xml; path = Info.plist; sourceTree = "<group>"; };
		6CDFE16226144B9F003C8D4C /* main.m */ = {isa = PBXFileReference; lastKnownFileType = sourcecode.c.objc; path = main.m; sourceTree = "<group>"; };
		6CDFE16B26144C5A003C8D4C /* BXIMCommonDB.m */ = {isa = PBXFileReference; fileEncoding = 4; lastKnownFileType = sourcecode.c.objc; path = BXIMCommonDB.m; sourceTree = "<group>"; };
		6CDFE16C26144C5A003C8D4C /* BXIMCommonDB.h */ = {isa = PBXFileReference; fileEncoding = 4; lastKnownFileType = sourcecode.c.h; path = BXIMCommonDB.h; sourceTree = "<group>"; };
/* End PBXFileReference section */

/* Begin PBXFrameworksBuildPhase section */
		6CDFE14A26144B9D003C8D4C /* Frameworks */ = {
			isa = PBXFrameworksBuildPhase;
			buildActionMask = 2147483647;
			files = (
			);
			runOnlyForDeploymentPostprocessing = 0;
		};
/* End PBXFrameworksBuildPhase section */

/* Begin PBXGroup section */
		6CDFE14426144B9D003C8D4C = {
			isa = PBXGroup;
			children = (
				6CDFE14F26144B9D003C8D4C /* YBModule */,
				6CDFE14E26144B9D003C8D4C /* Products */,
			);
			sourceTree = "<group>";
		};
		6CDFE14E26144B9D003C8D4C /* Products */ = {
			isa = PBXGroup;
			children = (
				6CDFE14D26144B9D003C8D4C /* YBModule.app */,
			);
			name = Products;
			sourceTree = "<group>";
		};
		6CDFE14F26144B9D003C8D4C /* YBModule */ = {
			isa = PBXGroup;
			children = (
				6CDFE16A26144C2C003C8D4C /* DataBase */,
				6CDFE15026144B9D003C8D4C /* AppDelegate.h */,
				6CDFE15126144B9D003C8D4C /* AppDelegate.m */,
				6CDFE15326144B9D003C8D4C /* SceneDelegate.h */,
				6CDFE15426144B9D003C8D4C /* SceneDelegate.m */,
				6CDFE15626144B9D003C8D4C /* ViewController.h */,
				6CDFE15726144B9D003C8D4C /* ViewController.m */,
				6CDFE15926144B9D003C8D4C /* Main.storyboard */,
				6CDFE15C26144B9F003C8D4C /* Assets.xcassets */,
				6CDFE15E26144B9F003C8D4C /* LaunchScreen.storyboard */,
				6CDFE16126144B9F003C8D4C /* Info.plist */,
				6CDFE16226144B9F003C8D4C /* main.m */,
			);
			path = YBModule;
			sourceTree = "<group>";
		};
		6CDFE16A26144C2C003C8D4C /* DataBase */ = {
			isa = PBXGroup;
			children = (
				6CDFE16C26144C5A003C8D4C /* BXIMCommonDB.h */,
				6CDFE16B26144C5A003C8D4C /* BXIMCommonDB.m */,
			);
			path = DataBase;
			sourceTree = "<group>";
		};
/* End PBXGroup section */

/* Begin PBXNativeTarget section */
		6CDFE14C26144B9D003C8D4C /* YBModule */ = {
			isa = PBXNativeTarget;
			buildConfigurationList = 6CDFE16626144B9F003C8D4C /* Build configuration list for PBXNativeTarget "YBModule" */;
			buildPhases = (
				6CDFE14926144B9D003C8D4C /* Sources */,
				6CDFE14A26144B9D003C8D4C /* Frameworks */,
				6CDFE14B26144B9D003C8D4C /* Resources */,
			);
			buildRules = (
			);
			dependencies = (
			);
			name = YBModule;
			productName = YBModule;
			productReference = 6CDFE14D26144B9D003C8D4C /* YBModule.app */;
			productType = "com.apple.product-type.application";
		};
/* End PBXNativeTarget section */

/* Begin PBXProject section */
		6CDFE14526144B9D003C8D4C /* Project object */ = {
			isa = PBXProject;
			attributes = {
				LastUpgradeCheck = 1240;
				TargetAttributes = {
					6CDFE14C26144B9D003C8D4C = {
						CreatedOnToolsVersion = 12.4;
					};
				};
			};
			buildConfigurationList = 6CDFE14826144B9D003C8D4C /* Build configuration list for PBXProject "YBModule" */;
			compatibilityVersion = "Xcode 9.3";
			developmentRegion = en;
			hasScannedForEncodings = 0;
			knownRegions = (
				en,
				Base,
			);
			mainGroup = 6CDFE14426144B9D003C8D4C;
			productRefGroup = 6CDFE14E26144B9D003C8D4C /* Products */;
			projectDirPath = "";
			projectRoot = "";
			targets = (
				6CDFE14C26144B9D003C8D4C /* YBModule */,
			);
		};
/* End PBXProject section */

/* Begin PBXResourcesBuildPhase section */
		6CDFE14B26144B9D003C8D4C /* Resources */ = {
			isa = PBXResourcesBuildPhase;
			buildActionMask = 2147483647;
			files = (
				6CDFE16026144B9F003C8D4C /* LaunchScreen.storyboard in Resources */,
				6CDFE15D26144B9F003C8D4C /* Assets.xcassets in Resources */,
				6CDFE15B26144B9D003C8D4C /* Main.storyboard in Resources */,
			);
			runOnlyForDeploymentPostprocessing = 0;
		};
/* End PBXResourcesBuildPhase section */

/* Begin PBXSourcesBuildPhase section */
		6CDFE14926144B9D003C8D4C /* Sources */ = {
			isa = PBXSourcesBuildPhase;
			buildActionMask = 2147483647;
			files = (
				6CDFE16D26144C5A003C8D4C /* BXIMCommonDB.m in Sources */,
				6CDFE15826144B9D003C8D4C /* ViewController.m in Sources */,
				6CDFE15226144B9D003C8D4C /* AppDelegate.m in Sources */,
				6CDFE16326144B9F003C8D4C /* main.m in Sources */,
				6CDFE15526144B9D003C8D4C /* SceneDelegate.m in Sources */,
			);
			runOnlyForDeploymentPostprocessing = 0;
		};
/* End PBXSourcesBuildPhase section */

/* Begin PBXVariantGroup section */
		6CDFE15926144B9D003C8D4C /* Main.storyboard */ = {
			isa = PBXVariantGroup;
			children = (
				6CDFE15A26144B9D003C8D4C /* Base */,
			);
			name = Main.storyboard;
			sourceTree = "<group>";
		};
		6CDFE15E26144B9F003C8D4C /* LaunchScreen.storyboard */ = {
			isa = PBXVariantGroup;
			children = (
				6CDFE15F26144B9F003C8D4C /* Base */,
			);
			name = LaunchScreen.storyboard;
			sourceTree = "<group>";
		};
/* End PBXVariantGroup section */

/* Begin XCBuildConfiguration section */
		6CDFE16426144B9F003C8D4C /* Debug */ = {
			isa = XCBuildConfiguration;
			buildSettings = {
				ALWAYS_SEARCH_USER_PATHS = NO;
				CLANG_ANALYZER_NONNULL = YES;
				CLANG_ANALYZER_NUMBER_OBJECT_CONVERSION = YES_AGGRESSIVE;
				CLANG_CXX_LANGUAGE_STANDARD = "gnu++14";
				CLANG_CXX_LIBRARY = "libc++";
				CLANG_ENABLE_MODULES = YES;
				CLANG_ENABLE_OBJC_ARC = YES;
				CLANG_ENABLE_OBJC_WEAK = YES;
				CLANG_WARN_BLOCK_CAPTURE_AUTORELEASING = YES;
				CLANG_WARN_BOOL_CONVERSION = YES;
				CLANG_WARN_COMMA = YES;
				CLANG_WARN_CONSTANT_CONVERSION = YES;
				CLANG_WARN_DEPRECATED_OBJC_IMPLEMENTATIONS = YES;
				CLANG_WARN_DIRECT_OBJC_ISA_USAGE = YES_ERROR;
				CLANG_WARN_DOCUMENTATION_COMMENTS = YES;
				CLANG_WARN_EMPTY_BODY = YES;
				CLANG_WARN_ENUM_CONVERSION = YES;
				CLANG_WARN_INFINITE_RECURSION = YES;
				CLANG_WARN_INT_CONVERSION = YES;
				CLANG_WARN_NON_LITERAL_NULL_CONVERSION = YES;
				CLANG_WARN_OBJC_IMPLICIT_RETAIN_SELF = YES;
				CLANG_WARN_OBJC_LITERAL_CONVERSION = YES;
				CLANG_WARN_OBJC_ROOT_CLASS = YES_ERROR;
				CLANG_WARN_QUOTED_INCLUDE_IN_FRAMEWORK_HEADER = YES;
				CLANG_WARN_RANGE_LOOP_ANALYSIS = YES;
				CLANG_WARN_STRICT_PROTOTYPES = YES;
				CLANG_WARN_SUSPICIOUS_MOVE = YES;
				CLANG_WARN_UNGUARDED_AVAILABILITY = YES_AGGRESSIVE;
				CLANG_WARN_UNREACHABLE_CODE = YES;
				CLANG_WARN__DUPLICATE_METHOD_MATCH = YES;
				COPY_PHASE_STRIP = NO;
				DEBUG_INFORMATION_FORMAT = dwarf;
				ENABLE_STRICT_OBJC_MSGSEND = YES;
				ENABLE_TESTABILITY = YES;
				GCC_C_LANGUAGE_STANDARD = gnu11;
				GCC_DYNAMIC_NO_PIC = NO;
				GCC_NO_COMMON_BLOCKS = YES;
				GCC_OPTIMIZATION_LEVEL = 0;
				GCC_PREPROCESSOR_DEFINITIONS = (
					"DEBUG=1",
					"$(inherited)",
				);
				GCC_WARN_64_TO_32_BIT_CONVERSION = YES;
				GCC_WARN_ABOUT_RETURN_TYPE = YES_ERROR;
				GCC_WARN_UNDECLARED_SELECTOR = YES;
				GCC_WARN_UNINITIALIZED_AUTOS = YES_AGGRESSIVE;
				GCC_WARN_UNUSED_FUNCTION = YES;
				GCC_WARN_UNUSED_VARIABLE = YES;
				IPHONEOS_DEPLOYMENT_TARGET = 14.4;
				MTL_ENABLE_DEBUG_INFO = INCLUDE_SOURCE;
				MTL_FAST_MATH = YES;
				ONLY_ACTIVE_ARCH = YES;
				SDKROOT = iphoneos;
			};
			name = Debug;
		};
		6CDFE16526144B9F003C8D4C /* Release */ = {
			isa = XCBuildConfiguration;
			buildSettings = {
				ALWAYS_SEARCH_USER_PATHS = NO;
				CLANG_ANALYZER_NONNULL = YES;
				CLANG_ANALYZER_NUMBER_OBJECT_CONVERSION = YES_AGGRESSIVE;
				CLANG_CXX_LANGUAGE_STANDARD = "gnu++14";
				CLANG_CXX_LIBRARY = "libc++";
				CLANG_ENABLE_MODULES = YES;
				CLANG_ENABLE_OBJC_ARC = YES;
				CLANG_ENABLE_OBJC_WEAK = YES;
				CLANG_WARN_BLOCK_CAPTURE_AUTORELEASING = YES;
				CLANG_WARN_BOOL_CONVERSION = YES;
				CLANG_WARN_COMMA = YES;
				CLANG_WARN_CONSTANT_CONVERSION = YES;
				CLANG_WARN_DEPRECATED_OBJC_IMPLEMENTATIONS = YES;
				CLANG_WARN_DIRECT_OBJC_ISA_USAGE = YES_ERROR;
				CLANG_WARN_DOCUMENTATION_COMMENTS = YES;
				CLANG_WARN_EMPTY_BODY = YES;
				CLANG_WARN_ENUM_CONVERSION = YES;
				CLANG_WARN_INFINITE_RECURSION = YES;
				CLANG_WARN_INT_CONVERSION = YES;
				CLANG_WARN_NON_LITERAL_NULL_CONVERSION = YES;
				CLANG_WARN_OBJC_IMPLICIT_RETAIN_SELF = YES;
				CLANG_WARN_OBJC_LITERAL_CONVERSION = YES;
				CLANG_WARN_OBJC_ROOT_CLASS = YES_ERROR;
				CLANG_WARN_QUOTED_INCLUDE_IN_FRAMEWORK_HEADER = YES;
				CLANG_WARN_RANGE_LOOP_ANALYSIS = YES;
				CLANG_WARN_STRICT_PROTOTYPES = YES;
				CLANG_WARN_SUSPICIOUS_MOVE = YES;
				CLANG_WARN_UNGUARDED_AVAILABILITY = YES_AGGRESSIVE;
				CLANG_WARN_UNREACHABLE_CODE = YES;
				CLANG_WARN__DUPLICATE_METHOD_MATCH = YES;
				COPY_PHASE_STRIP = NO;
				DEBUG_INFORMATION_FORMAT = "dwarf-with-dsym";
				ENABLE_NS_ASSERTIONS = NO;
				ENABLE_STRICT_OBJC_MSGSEND = YES;
				GCC_C_LANGUAGE_STANDARD = gnu11;
				GCC_NO_COMMON_BLOCKS = YES;
				GCC_WARN_64_TO_32_BIT_CONVERSION = YES;
				GCC_WARN_ABOUT_RETURN_TYPE = YES_ERROR;
				GCC_WARN_UNDECLARED_SELECTOR = YES;
				GCC_WARN_UNINITIALIZED_AUTOS = YES_AGGRESSIVE;
				GCC_WARN_UNUSED_FUNCTION = YES;
				GCC_WARN_UNUSED_VARIABLE = YES;
				IPHONEOS_DEPLOYMENT_TARGET = 14.4;
				MTL_ENABLE_DEBUG_INFO = NO;
				MTL_FAST_MATH = YES;
				SDKROOT = iphoneos;
				VALIDATE_PRODUCT = YES;
			};
			name = Release;
		};
		6CDFE16726144B9F003C8D4C /* Debug */ = {
			isa = XCBuildConfiguration;
			buildSettings = {
				ASSETCATALOG_COMPILER_APPICON_NAME = AppIcon;
				ASSETCATALOG_COMPILER_GLOBAL_ACCENT_COLOR_NAME = AccentColor;
				CODE_SIGN_STYLE = Automatic;
				INFOPLIST_FILE = YBModule/Info.plist;
				LD_RUNPATH_SEARCH_PATHS = (
					"$(inherited)",
					"@executable_path/Frameworks",
				);
				PRODUCT_BUNDLE_IDENTIFIER = com.benjamin.Telsa.YBModule;
				PRODUCT_NAME = "$(TARGET_NAME)";
				TARGETED_DEVICE_FAMILY = "1,2";
			};
			name = Debug;
		};
		6CDFE16826144B9F003C8D4C /* Release */ = {
			isa = XCBuildConfiguration;
			buildSettings = {
				ASSETCATALOG_COMPILER_APPICON_NAME = AppIcon;
				ASSETCATALOG_COMPILER_GLOBAL_ACCENT_COLOR_NAME = AccentColor;
				CODE_SIGN_STYLE = Automatic;
				INFOPLIST_FILE = YBModule/Info.plist;
				LD_RUNPATH_SEARCH_PATHS = (
					"$(inherited)",
					"@executable_path/Frameworks",
				);
				PRODUCT_BUNDLE_IDENTIFIER = com.benjamin.Telsa.YBModule;
				PRODUCT_NAME = "$(TARGET_NAME)";
				TARGETED_DEVICE_FAMILY = "1,2";
			};
			name = Release;
		};
/* End XCBuildConfiguration section */

/* Begin XCConfigurationList section */
		6CDFE14826144B9D003C8D4C /* Build configuration list for PBXProject "YBModule" */ = {
			isa = XCConfigurationList;
			buildConfigurations = (
				6CDFE16426144B9F003C8D4C /* Debug */,
				6CDFE16526144B9F003C8D4C /* Release */,
			);
			defaultConfigurationIsVisible = 0;
			defaultConfigurationName = Release;
		};
		6CDFE16626144B9F003C8D4C /* Build configuration list for PBXNativeTarget "YBModule" */ = {
			isa = XCConfigurationList;
			buildConfigurations = (
				6CDFE16726144B9F003C8D4C /* Debug */,
				6CDFE16826144B9F003C8D4C /* Release */,
			);
			defaultConfigurationIsVisible = 0;
			defaultConfigurationName = Release;
		};
/* End XCConfigurationList section */
	};
	rootObject = 6CDFE14526144B9D003C8D4C /* Project object */;
}
